
Microsoft Visual Studio Solution File, Format Version 12.00
# Visual Studio Version 17
VisualStudioVersion = 17.3.32929.385
MinimumVisualStudioVersion = 10.0.40219.1
Project("{FAE04EC0-301F-11D3-BF4B-00C04F79EFBC}") = "Agrc.Api", "Agrc.Api.csproj", "{8BC90E3E-C812-4EB8-AC26-5B2A7D3D5E1B}"
EndProject
Global
	GlobalSection(SolutionConfigurationPlatforms) = preSolution
		Debug|Any CPU = Debug|Any CPU
		Release|Any CPU = Release|Any CPU
	EndGlobalSection
	GlobalSection(ProjectConfigurationPlatforms) = postSolution
		{8BC90E3E-C812-4EB8-AC26-5B2A7D3D5E1B}.Debug|Any CPU.ActiveCfg = Debug|Any CPU
		{8BC90E3E-C812-4EB8-AC26-5B2A7D3D5E1B}.Debug|Any CPU.Build.0 = Debug|Any CPU
		{8BC90E3E-C812-4EB8-AC26-5B2A7D3D5E1B}.Release|Any CPU.ActiveCfg = Release|Any CPU
		{8BC90E3E-C812-4EB8-AC26-5B2A7D3D5E1B}.Release|Any CPU.Build.0 = Release|Any CPU
	EndGlobalSection
	GlobalSection(SolutionProperties) = preSolution
		HideSolutionNode = FALSE
	EndGlobalSection
	GlobalSection(ExtensibilityGlobals) = postSolution
		SolutionGuid = {A51BB5CA-3D52-45D2-91FB-9A9887C36196}
	EndGlobalSection
EndGlobal
